
Microsoft Visual Studio Solution File, Format Version 12.00
# Visual Studio Version 17
VisualStudioVersion = 17.5.33530.505
MinimumVisualStudioVersion = 10.0.40219.1
Project("{9A19103F-16F7-4668-BE54-9A1E7A4F7556}") = "CompanyEmployees", "CompanyEmployees\CompanyEmployees.csproj", "{47B1BC0A-6C7E-451C-B2D4-3F1E2027E166}"
EndProject
Project("{9A19103F-16F7-4668-BE54-9A1E7A4F7556}") = "Contracts", "Contracts\Contracts.csproj", "{92E885B2-E0F7-4C85-933A-C39AAC245EEF}"
EndProject
Project("{9A19103F-16F7-4668-BE54-9A1E7A4F7556}") = "LoggerService", "LoggerService\LoggerService.csproj", "{37D32194-64AC-4785-928E-D33616007FA3}"
EndProject
Project("{9A19103F-16F7-4668-BE54-9A1E7A4F7556}") = "Entities", "Entities\Entities.csproj", "{7E4AE83F-705E-4CE9-8553-FEF830B4F936}"
EndProject
Project("{FAE04EC0-301F-11D3-BF4B-00C04F79EFBC}") = "Repository", "Repository\Repository.csproj", "{6DD56B7C-9952-4D1E-B18D-815B2863394C}"
EndProject
Global
	GlobalSection(SolutionConfigurationPlatforms) = preSolution
		Debug|Any CPU = Debug|Any CPU
		Release|Any CPU = Release|Any CPU
	EndGlobalSection
	GlobalSection(ProjectConfigurationPlatforms) = postSolution
		{47B1BC0A-6C7E-451C-B2D4-3F1E2027E166}.Debug|Any CPU.ActiveCfg = Debug|Any CPU
		{47B1BC0A-6C7E-451C-B2D4-3F1E2027E166}.Debug|Any CPU.Build.0 = Debug|Any CPU
		{47B1BC0A-6C7E-451C-B2D4-3F1E2027E166}.Release|Any CPU.ActiveCfg = Release|Any CPU
		{47B1BC0A-6C7E-451C-B2D4-3F1E2027E166}.Release|Any CPU.Build.0 = Release|Any CPU
		{92E885B2-E0F7-4C85-933A-C39AAC245EEF}.Debug|Any CPU.ActiveCfg = Debug|Any CPU
		{92E885B2-E0F7-4C85-933A-C39AAC245EEF}.Debug|Any CPU.Build.0 = Debug|Any CPU
		{92E885B2-E0F7-4C85-933A-C39AAC245EEF}.Release|Any CPU.ActiveCfg = Release|Any CPU
		{92E885B2-E0F7-4C85-933A-C39AAC245EEF}.Release|Any CPU.Build.0 = Release|Any CPU
		{37D32194-64AC-4785-928E-D33616007FA3}.Debug|Any CPU.ActiveCfg = Debug|Any CPU
		{37D32194-64AC-4785-928E-D33616007FA3}.Debug|Any CPU.Build.0 = Debug|Any CPU
		{37D32194-64AC-4785-928E-D33616007FA3}.Release|Any CPU.ActiveCfg = Release|Any CPU
		{37D32194-64AC-4785-928E-D33616007FA3}.Release|Any CPU.Build.0 = Release|Any CPU
		{7E4AE83F-705E-4CE9-8553-FEF830B4F936}.Debug|Any CPU.ActiveCfg = Debug|Any CPU
		{7E4AE83F-705E-4CE9-8553-FEF830B4F936}.Debug|Any CPU.Build.0 = Debug|Any CPU
		{7E4AE83F-705E-4CE9-8553-FEF830B4F936}.Release|Any CPU.ActiveCfg = Release|Any CPU
		{7E4AE83F-705E-4CE9-8553-FEF830B4F936}.Release|Any CPU.Build.0 = Release|Any CPU
		{6DD56B7C-9952-4D1E-B18D-815B2863394C}.Debug|Any CPU.ActiveCfg = Debug|Any CPU
		{6DD56B7C-9952-4D1E-B18D-815B2863394C}.Debug|Any CPU.Build.0 = Debug|Any CPU
		{6DD56B7C-9952-4D1E-B18D-815B2863394C}.Release|Any CPU.ActiveCfg = Release|Any CPU
		{6DD56B7C-9952-4D1E-B18D-815B2863394C}.Release|Any CPU.Build.0 = Release|Any CPU
	EndGlobalSection
	GlobalSection(SolutionProperties) = preSolution
		HideSolutionNode = FALSE
	EndGlobalSection
	GlobalSection(ExtensibilityGlobals) = postSolution
		SolutionGuid = {D2C0F969-C0FA-4CDD-8E0A-E49007365353}
	EndGlobalSection
EndGlobal
